// !$*UTF8*$!
{
	archiveVersion = 1;
	classes = {
	};
	objectVersion = 56;
	objects = {

/* Begin PBXBuildFile section */
		AF89E816296DBEC40000C22F /* AppDelegate.swift in Sources */ = {isa = PBXBuildFile; fileRef = AF89E815296DBEC40000C22F /* AppDelegate.swift */; };
		AF89E818296DBEC40000C22F /* SceneDelegate.swift in Sources */ = {isa = PBXBuildFile; fileRef = AF89E817296DBEC40000C22F /* SceneDelegate.swift */; };
		AF89E81F296DBEC40000C22F /* Assets.xcassets in Resources */ = {isa = PBXBuildFile; fileRef = AF89E81E296DBEC40000C22F /* Assets.xcassets */; };
		AF89E822296DBEC40000C22F /* LaunchScreen.storyboard in Resources */ = {isa = PBXBuildFile; fileRef = AF89E820296DBEC40000C22F /* LaunchScreen.storyboard */; };
		AF89E82E296DC1ED0000C22F /* LogoView.swift in Sources */ = {isa = PBXBuildFile; fileRef = AF89E82D296DC1ED0000C22F /* LogoView.swift */; };
		AF89E830296DC2180000C22F /* FeedViewController.swift in Sources */ = {isa = PBXBuildFile; fileRef = AF89E82F296DC2180000C22F /* FeedViewController.swift */; };
		AF89E836296DC3CF0000C22F /* SnapKit in Frameworks */ = {isa = PBXBuildFile; productRef = AF89E835296DC3CF0000C22F /* SnapKit */; };
		AFB1445E296EA673006C31DD /* FeedItemType.swift in Sources */ = {isa = PBXBuildFile; fileRef = AFB1445D296EA673006C31DD /* FeedItemType.swift */; };
		AFB14460296EABCB006C31DD /* FeedStoriesCellInfo.swift in Sources */ = {isa = PBXBuildFile; fileRef = AFB1445F296EABCB006C31DD /* FeedStoriesCellInfo.swift */; };
		AFB14462296EAD76006C31DD /* FeedPostItemInfo.swift in Sources */ = {isa = PBXBuildFile; fileRef = AFB14461296EAD76006C31DD /* FeedPostItemInfo.swift */; };
		AFB14465296EBA3B006C31DD /* FeedStoriesSetCell.swift in Sources */ = {isa = PBXBuildFile; fileRef = AFB14464296EBA3B006C31DD /* FeedStoriesSetCell.swift */; };
		AFB14467296EBADF006C31DD /* FeedPostCell.swift in Sources */ = {isa = PBXBuildFile; fileRef = AFB14466296EBADF006C31DD /* FeedPostCell.swift */; };
/* End PBXBuildFile section */

/* Begin PBXFileReference section */
		AF89E812296DBEC40000C22F /* InstagramClone.app */ = {isa = PBXFileReference; explicitFileType = wrapper.application; includeInIndex = 0; path = InstagramClone.app; sourceTree = BUILT_PRODUCTS_DIR; };
		AF89E815296DBEC40000C22F /* AppDelegate.swift */ = {isa = PBXFileReference; lastKnownFileType = sourcecode.swift; path = AppDelegate.swift; sourceTree = "<group>"; };
		AF89E817296DBEC40000C22F /* SceneDelegate.swift */ = {isa = PBXFileReference; lastKnownFileType = sourcecode.swift; path = SceneDelegate.swift; sourceTree = "<group>"; };
		AF89E81E296DBEC40000C22F /* Assets.xcassets */ = {isa = PBXFileReference; lastKnownFileType = folder.assetcatalog; path = Assets.xcassets; sourceTree = "<group>"; };
		AF89E821296DBEC40000C22F /* Base */ = {isa = PBXFileReference; lastKnownFileType = file.storyboard; name = Base; path = Base.lproj/LaunchScreen.storyboard; sourceTree = "<group>"; };
		AF89E823296DBEC40000C22F /* Info.plist */ = {isa = PBXFileReference; lastKnownFileType = text.plist.xml; path = Info.plist; sourceTree = "<group>"; };
		AF89E82D296DC1ED0000C22F /* LogoView.swift */ = {isa = PBXFileReference; lastKnownFileType = sourcecode.swift; path = LogoView.swift; sourceTree = "<group>"; };
		AF89E82F296DC2180000C22F /* FeedViewController.swift */ = {isa = PBXFileReference; lastKnownFileType = sourcecode.swift; path = FeedViewController.swift; sourceTree = "<group>"; };
		AFB1445D296EA673006C31DD /* FeedItemType.swift */ = {isa = PBXFileReference; lastKnownFileType = sourcecode.swift; path = FeedItemType.swift; sourceTree = "<group>"; };
		AFB1445F296EABCB006C31DD /* FeedStoriesCellInfo.swift */ = {isa = PBXFileReference; lastKnownFileType = sourcecode.swift; path = FeedStoriesCellInfo.swift; sourceTree = "<group>"; };
		AFB14461296EAD76006C31DD /* FeedPostItemInfo.swift */ = {isa = PBXFileReference; lastKnownFileType = sourcecode.swift; path = FeedPostItemInfo.swift; sourceTree = "<group>"; };
		AFB14464296EBA3B006C31DD /* FeedStoriesSetCell.swift */ = {isa = PBXFileReference; lastKnownFileType = sourcecode.swift; path = FeedStoriesSetCell.swift; sourceTree = "<group>"; };
		AFB14466296EBADF006C31DD /* FeedPostCell.swift */ = {isa = PBXFileReference; lastKnownFileType = sourcecode.swift; path = FeedPostCell.swift; sourceTree = "<group>"; };
/* End PBXFileReference section */

/* Begin PBXFrameworksBuildPhase section */
		AF89E80F296DBEC40000C22F /* Frameworks */ = {
			isa = PBXFrameworksBuildPhase;
			buildActionMask = 2147483647;
			files = (
				AF89E836296DC3CF0000C22F /* SnapKit in Frameworks */,
			);
			runOnlyForDeploymentPostprocessing = 0;
		};
/* End PBXFrameworksBuildPhase section */

/* Begin PBXGroup section */
		AF89E809296DBEC40000C22F = {
			isa = PBXGroup;
			children = (
				AF89E814296DBEC40000C22F /* InstagramClone */,
				AF89E813296DBEC40000C22F /* Products */,
			);
			sourceTree = "<group>";
		};
		AF89E813296DBEC40000C22F /* Products */ = {
			isa = PBXGroup;
			children = (
				AF89E812296DBEC40000C22F /* InstagramClone.app */,
			);
			name = Products;
			sourceTree = "<group>";
		};
		AF89E814296DBEC40000C22F /* InstagramClone */ = {
			isa = PBXGroup;
			children = (
				AF89E82C296DC1CB0000C22F /* Views */,
				AF89E82B296DC16C0000C22F /* Feed */,
				AF89E82A296DC1240000C22F /* Application */,
				AF89E829296DC0DE0000C22F /* Resourses */,
			);
			path = InstagramClone;
			sourceTree = "<group>";
		};
		AF89E829296DC0DE0000C22F /* Resourses */ = {
			isa = PBXGroup;
			children = (
				AF89E81E296DBEC40000C22F /* Assets.xcassets */,
				AF89E820296DBEC40000C22F /* LaunchScreen.storyboard */,
				AF89E823296DBEC40000C22F /* Info.plist */,
			);
			path = Resourses;
			sourceTree = "<group>";
		};
		AF89E82A296DC1240000C22F /* Application */ = {
			isa = PBXGroup;
			children = (
				AF89E815296DBEC40000C22F /* AppDelegate.swift */,
				AF89E817296DBEC40000C22F /* SceneDelegate.swift */,
			);
			path = Application;
			sourceTree = "<group>";
		};
		AF89E82B296DC16C0000C22F /* Feed */ = {
			isa = PBXGroup;
			children = (
				AF89E82F296DC2180000C22F /* FeedViewController.swift */,
				AFB1445D296EA673006C31DD /* FeedItemType.swift */,
				AFB1445F296EABCB006C31DD /* FeedStoriesCellInfo.swift */,
				AFB14461296EAD76006C31DD /* FeedPostItemInfo.swift */,
			);
			path = Feed;
			sourceTree = "<group>";
		};
		AF89E82C296DC1CB0000C22F /* Views */ = {
			isa = PBXGroup;
			children = (
				AFB14463296EB719006C31DD /* Cells */,
				AF89E82D296DC1ED0000C22F /* LogoView.swift */,
			);
			path = Views;
			sourceTree = "<group>";
		};
		AFB14463296EB719006C31DD /* Cells */ = {
			isa = PBXGroup;
			children = (
				AFB14464296EBA3B006C31DD /* FeedStoriesSetCell.swift */,
				AFB14466296EBADF006C31DD /* FeedPostCell.swift */,
			);
			path = Cells;
			sourceTree = "<group>";
		};
/* End PBXGroup section */

/* Begin PBXNativeTarget section */
		AF89E811296DBEC40000C22F /* InstagramClone */ = {
			isa = PBXNativeTarget;
			buildConfigurationList = AF89E826296DBEC40000C22F /* Build configuration list for PBXNativeTarget "InstagramClone" */;
			buildPhases = (
				AF89E80E296DBEC40000C22F /* Sources */,
				AF89E80F296DBEC40000C22F /* Frameworks */,
				AF89E810296DBEC40000C22F /* Resources */,
			);
			buildRules = (
			);
			dependencies = (
			);
			name = InstagramClone;
			packageProductDependencies = (
				AF89E835296DC3CF0000C22F /* SnapKit */,
			);
			productName = InstagramClone;
			productReference = AF89E812296DBEC40000C22F /* InstagramClone.app */;
			productType = "com.apple.product-type.application";
		};
/* End PBXNativeTarget section */

/* Begin PBXProject section */
		AF89E80A296DBEC40000C22F /* Project object */ = {
			isa = PBXProject;
			attributes = {
				BuildIndependentTargetsInParallel = 1;
				LastSwiftUpdateCheck = 1400;
				LastUpgradeCheck = 1400;
				TargetAttributes = {
					AF89E811296DBEC40000C22F = {
						CreatedOnToolsVersion = 14.0.1;
					};
				};
			};
			buildConfigurationList = AF89E80D296DBEC40000C22F /* Build configuration list for PBXProject "InstagramClone" */;
			compatibilityVersion = "Xcode 14.0";
			developmentRegion = en;
			hasScannedForEncodings = 0;
			knownRegions = (
				en,
				Base,
			);
			mainGroup = AF89E809296DBEC40000C22F;
			packageReferences = (
				AF89E834296DC3CF0000C22F /* XCRemoteSwiftPackageReference "SnapKit" */,
			);
			productRefGroup = AF89E813296DBEC40000C22F /* Products */;
			projectDirPath = "";
			projectRoot = "";
			targets = (
				AF89E811296DBEC40000C22F /* InstagramClone */,
			);
		};
/* End PBXProject section */

/* Begin PBXResourcesBuildPhase section */
		AF89E810296DBEC40000C22F /* Resources */ = {
			isa = PBXResourcesBuildPhase;
			buildActionMask = 2147483647;
			files = (
				AF89E822296DBEC40000C22F /* LaunchScreen.storyboard in Resources */,
				AF89E81F296DBEC40000C22F /* Assets.xcassets in Resources */,
			);
			runOnlyForDeploymentPostprocessing = 0;
		};
/* End PBXResourcesBuildPhase section */

/* Begin PBXSourcesBuildPhase section */
		AF89E80E296DBEC40000C22F /* Sources */ = {
			isa = PBXSourcesBuildPhase;
			buildActionMask = 2147483647;
			files = (
				AFB14462296EAD76006C31DD /* FeedPostItemInfo.swift in Sources */,
				AF89E816296DBEC40000C22F /* AppDelegate.swift in Sources */,
				AF89E82E296DC1ED0000C22F /* LogoView.swift in Sources */,
				AF89E830296DC2180000C22F /* FeedViewController.swift in Sources */,
				AFB14465296EBA3B006C31DD /* FeedStoriesSetCell.swift in Sources */,
				AF89E818296DBEC40000C22F /* SceneDelegate.swift in Sources */,
				AFB14467296EBADF006C31DD /* FeedPostCell.swift in Sources */,
				AFB1445E296EA673006C31DD /* FeedItemType.swift in Sources */,
				AFB14460296EABCB006C31DD /* FeedStoriesCellInfo.swift in Sources */,
			);
			runOnlyForDeploymentPostprocessing = 0;
		};
/* End PBXSourcesBuildPhase section */

/* Begin PBXVariantGroup section */
		AF89E820296DBEC40000C22F /* LaunchScreen.storyboard */ = {
			isa = PBXVariantGroup;
			children = (
				AF89E821296DBEC40000C22F /* Base */,
			);
			name = LaunchScreen.storyboard;
			sourceTree = "<group>";
		};
/* End PBXVariantGroup section */

/* Begin XCBuildConfiguration section */
		AF89E824296DBEC40000C22F /* Debug */ = {
			isa = XCBuildConfiguration;
			buildSettings = {
				ALWAYS_SEARCH_USER_PATHS = NO;
				CLANG_ANALYZER_NONNULL = YES;
				CLANG_ANALYZER_NUMBER_OBJECT_CONVERSION = YES_AGGRESSIVE;
				CLANG_CXX_LANGUAGE_STANDARD = "gnu++20";
				CLANG_ENABLE_MODULES = YES;
				CLANG_ENABLE_OBJC_ARC = YES;
				CLANG_ENABLE_OBJC_WEAK = YES;
				CLANG_WARN_BLOCK_CAPTURE_AUTORELEASING = YES;
				CLANG_WARN_BOOL_CONVERSION = YES;
				CLANG_WARN_COMMA = YES;
				CLANG_WARN_CONSTANT_CONVERSION = YES;
				CLANG_WARN_DEPRECATED_OBJC_IMPLEMENTATIONS = YES;
				CLANG_WARN_DIRECT_OBJC_ISA_USAGE = YES_ERROR;
				CLANG_WARN_DOCUMENTATION_COMMENTS = YES;
				CLANG_WARN_EMPTY_BODY = YES;
				CLANG_WARN_ENUM_CONVERSION = YES;
				CLANG_WARN_INFINITE_RECURSION = YES;
				CLANG_WARN_INT_CONVERSION = YES;
				CLANG_WARN_NON_LITERAL_NULL_CONVERSION = YES;
				CLANG_WARN_OBJC_IMPLICIT_RETAIN_SELF = YES;
				CLANG_WARN_OBJC_LITERAL_CONVERSION = YES;
				CLANG_WARN_OBJC_ROOT_CLASS = YES_ERROR;
				CLANG_WARN_QUOTED_INCLUDE_IN_FRAMEWORK_HEADER = YES;
				CLANG_WARN_RANGE_LOOP_ANALYSIS = YES;
				CLANG_WARN_STRICT_PROTOTYPES = YES;
				CLANG_WARN_SUSPICIOUS_MOVE = YES;
				CLANG_WARN_UNGUARDED_AVAILABILITY = YES_AGGRESSIVE;
				CLANG_WARN_UNREACHABLE_CODE = YES;
				CLANG_WARN__DUPLICATE_METHOD_MATCH = YES;
				COPY_PHASE_STRIP = NO;
				DEBUG_INFORMATION_FORMAT = dwarf;
				ENABLE_STRICT_OBJC_MSGSEND = YES;
				ENABLE_TESTABILITY = YES;
				GCC_C_LANGUAGE_STANDARD = gnu11;
				GCC_DYNAMIC_NO_PIC = NO;
				GCC_NO_COMMON_BLOCKS = YES;
				GCC_OPTIMIZATION_LEVEL = 0;
				GCC_PREPROCESSOR_DEFINITIONS = (
					"DEBUG=1",
					"$(inherited)",
				);
				GCC_WARN_64_TO_32_BIT_CONVERSION = YES;
				GCC_WARN_ABOUT_RETURN_TYPE = YES_ERROR;
				GCC_WARN_UNDECLARED_SELECTOR = YES;
				GCC_WARN_UNINITIALIZED_AUTOS = YES_AGGRESSIVE;
				GCC_WARN_UNUSED_FUNCTION = YES;
				GCC_WARN_UNUSED_VARIABLE = YES;
				IPHONEOS_DEPLOYMENT_TARGET = 16.0;
				MTL_ENABLE_DEBUG_INFO = INCLUDE_SOURCE;
				MTL_FAST_MATH = YES;
				ONLY_ACTIVE_ARCH = YES;
				SDKROOT = iphoneos;
				SWIFT_ACTIVE_COMPILATION_CONDITIONS = DEBUG;
				SWIFT_OPTIMIZATION_LEVEL = "-Onone";
			};
			name = Debug;
		};
		AF89E825296DBEC40000C22F /* Release */ = {
			isa = XCBuildConfiguration;
			buildSettings = {
				ALWAYS_SEARCH_USER_PATHS = NO;
				CLANG_ANALYZER_NONNULL = YES;
				CLANG_ANALYZER_NUMBER_OBJECT_CONVERSION = YES_AGGRESSIVE;
				CLANG_CXX_LANGUAGE_STANDARD = "gnu++20";
				CLANG_ENABLE_MODULES = YES;
				CLANG_ENABLE_OBJC_ARC = YES;
				CLANG_ENABLE_OBJC_WEAK = YES;
				CLANG_WARN_BLOCK_CAPTURE_AUTORELEASING = YES;
				CLANG_WARN_BOOL_CONVERSION = YES;
				CLANG_WARN_COMMA = YES;
				CLANG_WARN_CONSTANT_CONVERSION = YES;
				CLANG_WARN_DEPRECATED_OBJC_IMPLEMENTATIONS = YES;
				CLANG_WARN_DIRECT_OBJC_ISA_USAGE = YES_ERROR;
				CLANG_WARN_DOCUMENTATION_COMMENTS = YES;
				CLANG_WARN_EMPTY_BODY = YES;
				CLANG_WARN_ENUM_CONVERSION = YES;
				CLANG_WARN_INFINITE_RECURSION = YES;
				CLANG_WARN_INT_CONVERSION = YES;
				CLANG_WARN_NON_LITERAL_NULL_CONVERSION = YES;
				CLANG_WARN_OBJC_IMPLICIT_RETAIN_SELF = YES;
				CLANG_WARN_OBJC_LITERAL_CONVERSION = YES;
				CLANG_WARN_OBJC_ROOT_CLASS = YES_ERROR;
				CLANG_WARN_QUOTED_INCLUDE_IN_FRAMEWORK_HEADER = YES;
				CLANG_WARN_RANGE_LOOP_ANALYSIS = YES;
				CLANG_WARN_STRICT_PROTOTYPES = YES;
				CLANG_WARN_SUSPICIOUS_MOVE = YES;
				CLANG_WARN_UNGUARDED_AVAILABILITY = YES_AGGRESSIVE;
				CLANG_WARN_UNREACHABLE_CODE = YES;
				CLANG_WARN__DUPLICATE_METHOD_MATCH = YES;
				COPY_PHASE_STRIP = NO;
				DEBUG_INFORMATION_FORMAT = "dwarf-with-dsym";
				ENABLE_NS_ASSERTIONS = NO;
				ENABLE_STRICT_OBJC_MSGSEND = YES;
				GCC_C_LANGUAGE_STANDARD = gnu11;
				GCC_NO_COMMON_BLOCKS = YES;
				GCC_WARN_64_TO_32_BIT_CONVERSION = YES;
				GCC_WARN_ABOUT_RETURN_TYPE = YES_ERROR;
				GCC_WARN_UNDECLARED_SELECTOR = YES;
				GCC_WARN_UNINITIALIZED_AUTOS = YES_AGGRESSIVE;
				GCC_WARN_UNUSED_FUNCTION = YES;
				GCC_WARN_UNUSED_VARIABLE = YES;
				IPHONEOS_DEPLOYMENT_TARGET = 16.0;
				MTL_ENABLE_DEBUG_INFO = NO;
				MTL_FAST_MATH = YES;
				SDKROOT = iphoneos;
				SWIFT_COMPILATION_MODE = wholemodule;
				SWIFT_OPTIMIZATION_LEVEL = "-O";
				VALIDATE_PRODUCT = YES;
			};
			name = Release;
		};
		AF89E827296DBEC40000C22F /* Debug */ = {
			isa = XCBuildConfiguration;
			buildSettings = {
				ASSETCATALOG_COMPILER_APPICON_NAME = AppIcon;
				ASSETCATALOG_COMPILER_GLOBAL_ACCENT_COLOR_NAME = AccentColor;
				CODE_SIGN_STYLE = Automatic;
				CURRENT_PROJECT_VERSION = 1;
				DEVELOPMENT_TEAM = 8CW4G86PK2;
				GENERATE_INFOPLIST_FILE = YES;
				INFOPLIST_FILE = InstagramClone/Resourses/Info.plist;
				INFOPLIST_KEY_UIApplicationSupportsIndirectInputEvents = YES;
				INFOPLIST_KEY_UILaunchStoryboardName = LaunchScreen;
				INFOPLIST_KEY_UISupportedInterfaceOrientations_iPad = "UIInterfaceOrientationPortrait UIInterfaceOrientationPortraitUpsideDown UIInterfaceOrientationLandscapeLeft UIInterfaceOrientationLandscapeRight";
				INFOPLIST_KEY_UISupportedInterfaceOrientations_iPhone = "UIInterfaceOrientationPortrait UIInterfaceOrientationLandscapeLeft UIInterfaceOrientationLandscapeRight";
				LD_RUNPATH_SEARCH_PATHS = (
					"$(inherited)",
					"@executable_path/Frameworks",
				);
				MARKETING_VERSION = 1.0;
				PRODUCT_BUNDLE_IDENTIFIER = kz.ios.InstagramClone;
				PRODUCT_NAME = "$(TARGET_NAME)";
				SWIFT_EMIT_LOC_STRINGS = YES;
				SWIFT_VERSION = 5.0;
				TARGETED_DEVICE_FAMILY = "1,2";
			};
			name = Debug;
		};
		AF89E828296DBEC40000C22F /* Release */ = {
			isa = XCBuildConfiguration;
			buildSettings = {
				ASSETCATALOG_COMPILER_APPICON_NAME = AppIcon;
				ASSETCATALOG_COMPILER_GLOBAL_ACCENT_COLOR_NAME = AccentColor;
				CODE_SIGN_STYLE = Automatic;
				CURRENT_PROJECT_VERSION = 1;
				DEVELOPMENT_TEAM = 8CW4G86PK2;
				GENERATE_INFOPLIST_FILE = YES;
				INFOPLIST_FILE = InstagramClone/Resourses/Info.plist;
				INFOPLIST_KEY_UIApplicationSupportsIndirectInputEvents = YES;
				INFOPLIST_KEY_UILaunchStoryboardName = LaunchScreen;
				INFOPLIST_KEY_UISupportedInterfaceOrientations_iPad = "UIInterfaceOrientationPortrait UIInterfaceOrientationPortraitUpsideDown UIInterfaceOrientationLandscapeLeft UIInterfaceOrientationLandscapeRight";
				INFOPLIST_KEY_UISupportedInterfaceOrientations_iPhone = "UIInterfaceOrientationPortrait UIInterfaceOrientationLandscapeLeft UIInterfaceOrientationLandscapeRight";
				LD_RUNPATH_SEARCH_PATHS = (
					"$(inherited)",
					"@executable_path/Frameworks",
				);
				MARKETING_VERSION = 1.0;
				PRODUCT_BUNDLE_IDENTIFIER = kz.ios.InstagramClone;
				PRODUCT_NAME = "$(TARGET_NAME)";
				SWIFT_EMIT_LOC_STRINGS = YES;
				SWIFT_VERSION = 5.0;
				TARGETED_DEVICE_FAMILY = "1,2";
			};
			name = Release;
		};
/* End XCBuildConfiguration section */

/* Begin XCConfigurationList section */
		AF89E80D296DBEC40000C22F /* Build configuration list for PBXProject "InstagramClone" */ = {
			isa = XCConfigurationList;
			buildConfigurations = (
				AF89E824296DBEC40000C22F /* Debug */,
				AF89E825296DBEC40000C22F /* Release */,
			);
			defaultConfigurationIsVisible = 0;
			defaultConfigurationName = Release;
		};
		AF89E826296DBEC40000C22F /* Build configuration list for PBXNativeTarget "InstagramClone" */ = {
			isa = XCConfigurationList;
			buildConfigurations = (
				AF89E827296DBEC40000C22F /* Debug */,
				AF89E828296DBEC40000C22F /* Release */,
			);
			defaultConfigurationIsVisible = 0;
			defaultConfigurationName = Release;
		};
/* End XCConfigurationList section */

/* Begin XCRemoteSwiftPackageReference section */
		AF89E834296DC3CF0000C22F /* XCRemoteSwiftPackageReference "SnapKit" */ = {
			isa = XCRemoteSwiftPackageReference;
			repositoryURL = "https://github.com/SnapKit/SnapKit.git";
			requirement = {
				kind = upToNextMajorVersion;
				minimumVersion = 5.0.0;
			};
		};
/* End XCRemoteSwiftPackageReference section */

/* Begin XCSwiftPackageProductDependency section */
		AF89E835296DC3CF0000C22F /* SnapKit */ = {
			isa = XCSwiftPackageProductDependency;
			package = AF89E834296DC3CF0000C22F /* XCRemoteSwiftPackageReference "SnapKit" */;
			productName = SnapKit;
		};
/* End XCSwiftPackageProductDependency section */
	};
	rootObject = AF89E80A296DBEC40000C22F /* Project object */;
}
